
Microsoft Visual Studio Solution File, Format Version 12.00
# Visual Studio Version 16
VisualStudioVersion = 16.0.30114.105
MinimumVisualStudioVersion = 10.0.40219.1
Project("{FAE04EC0-301F-11D3-BF4B-00C04F79EFBC}") = "Inventory", "Inventory\Inventory.csproj", "{46706812-61D4-463E-9B92-9D716740DB20}"
EndProject
Project("{FAE04EC0-301F-11D3-BF4B-00C04F79EFBC}") = "Inventory.Tests", "Inventory.Tests\Inventory.Tests.csproj", "{0FBF6925-550E-4140-96F2-6D76ABE08C72}"
EndProject
Global
	GlobalSection(SolutionConfigurationPlatforms) = preSolution
		Debug|Any CPU = Debug|Any CPU
		Release|Any CPU = Release|Any CPU
	EndGlobalSection
	GlobalSection(SolutionProperties) = preSolution
		HideSolutionNode = FALSE
	EndGlobalSection
	GlobalSection(ProjectConfigurationPlatforms) = postSolution
		{46706812-61D4-463E-9B92-9D716740DB20}.Debug|Any CPU.ActiveCfg = Debug|Any CPU
		{46706812-61D4-463E-9B92-9D716740DB20}.Debug|Any CPU.Build.0 = Debug|Any CPU
		{46706812-61D4-463E-9B92-9D716740DB20}.Release|Any CPU.ActiveCfg = Release|Any CPU
		{46706812-61D4-463E-9B92-9D716740DB20}.Release|Any CPU.Build.0 = Release|Any CPU
		{0FBF6925-550E-4140-96F2-6D76ABE08C72}.Debug|Any CPU.ActiveCfg = Debug|Any CPU
		{0FBF6925-550E-4140-96F2-6D76ABE08C72}.Debug|Any CPU.Build.0 = Debug|Any CPU
		{0FBF6925-550E-4140-96F2-6D76ABE08C72}.Release|Any CPU.ActiveCfg = Release|Any CPU
		{0FBF6925-550E-4140-96F2-6D76ABE08C72}.Release|Any CPU.Build.0 = Release|Any CPU
	EndGlobalSection
EndGlobal
